// !$*UTF8*$!
{
	archiveVersion = 1;
	classes = {
	};
	objectVersion = 50;
	objects = {

/* Begin PBXBuildFile section */
		BE64AB032213211D00651F90 /* AppDelegate.swift in Sources */ = {isa = PBXBuildFile; fileRef = BE64AB022213211D00651F90 /* AppDelegate.swift */; };
		BE64AB052213211D00651F90 /* DashboardViewController.swift in Sources */ = {isa = PBXBuildFile; fileRef = BE64AB042213211D00651F90 /* DashboardViewController.swift */; };
		BE64AB082213211D00651F90 /* Main.storyboard in Resources */ = {isa = PBXBuildFile; fileRef = BE64AB062213211D00651F90 /* Main.storyboard */; };
		BE64AB0A2213211D00651F90 /* Assets.xcassets in Resources */ = {isa = PBXBuildFile; fileRef = BE64AB092213211D00651F90 /* Assets.xcassets */; };
		BE64AB0D2213211D00651F90 /* LaunchScreen.storyboard in Resources */ = {isa = PBXBuildFile; fileRef = BE64AB0B2213211D00651F90 /* LaunchScreen.storyboard */; };
		BE64AB15221323AA00651F90 /* SettingsViewController.swift in Sources */ = {isa = PBXBuildFile; fileRef = BE64AB14221323AA00651F90 /* SettingsViewController.swift */; };
		BE64AB172213253600651F90 /* ConfigManager.swift in Sources */ = {isa = PBXBuildFile; fileRef = BE64AB162213253600651F90 /* ConfigManager.swift */; };
/* End PBXBuildFile section */

/* Begin PBXFileReference section */
		BE64AAFF2213211D00651F90 /* TeamPulse.app */ = {isa = PBXFileReference; explicitFileType = wrapper.application; includeInIndex = 0; path = TeamPulse.app; sourceTree = BUILT_PRODUCTS_DIR; };
		BE64AB022213211D00651F90 /* AppDelegate.swift */ = {isa = PBXFileReference; lastKnownFileType = sourcecode.swift; path = AppDelegate.swift; sourceTree = "<group>"; };
		BE64AB042213211D00651F90 /* DashboardViewController.swift */ = {isa = PBXFileReference; lastKnownFileType = sourcecode.swift; path = DashboardViewController.swift; sourceTree = "<group>"; };
		BE64AB072213211D00651F90 /* Base */ = {isa = PBXFileReference; lastKnownFileType = file.storyboard; name = Base; path = Base.lproj/Main.storyboard; sourceTree = "<group>"; };
		BE64AB092213211D00651F90 /* Assets.xcassets */ = {isa = PBXFileReference; lastKnownFileType = folder.assetcatalog; path = Assets.xcassets; sourceTree = "<group>"; };
		BE64AB0C2213211D00651F90 /* Base */ = {isa = PBXFileReference; lastKnownFileType = file.storyboard; name = Base; path = Base.lproj/LaunchScreen.storyboard; sourceTree = "<group>"; };
		BE64AB0E2213211D00651F90 /* Info.plist */ = {isa = PBXFileReference; lastKnownFileType = text.plist.xml; path = Info.plist; sourceTree = "<group>"; };
		BE64AB14221323AA00651F90 /* SettingsViewController.swift */ = {isa = PBXFileReference; lastKnownFileType = sourcecode.swift; path = SettingsViewController.swift; sourceTree = "<group>"; };
		BE64AB162213253600651F90 /* ConfigManager.swift */ = {isa = PBXFileReference; lastKnownFileType = sourcecode.swift; path = ConfigManager.swift; sourceTree = "<group>"; };
/* End PBXFileReference section */

/* Begin PBXFrameworksBuildPhase section */
		BE64AAFC2213211D00651F90 /* Frameworks */ = {
			isa = PBXFrameworksBuildPhase;
			buildActionMask = 2147483647;
			files = (
			);
			runOnlyForDeploymentPostprocessing = 0;
		};
/* End PBXFrameworksBuildPhase section */

/* Begin PBXGroup section */
		BE64AAF62213211D00651F90 = {
			isa = PBXGroup;
			children = (
				BE64AB012213211D00651F90 /* TeamPulse */,
				BE64AB002213211D00651F90 /* Products */,
			);
			sourceTree = "<group>";
		};
		BE64AB002213211D00651F90 /* Products */ = {
			isa = PBXGroup;
			children = (
				BE64AAFF2213211D00651F90 /* TeamPulse.app */,
			);
			name = Products;
			sourceTree = "<group>";
		};
		BE64AB012213211D00651F90 /* TeamPulse */ = {
			isa = PBXGroup;
			children = (
				BE64AB022213211D00651F90 /* AppDelegate.swift */,
				BE64AB042213211D00651F90 /* DashboardViewController.swift */,
				BE64AB062213211D00651F90 /* Main.storyboard */,
				BE64AB092213211D00651F90 /* Assets.xcassets */,
				BE64AB0B2213211D00651F90 /* LaunchScreen.storyboard */,
				BE64AB0E2213211D00651F90 /* Info.plist */,
				BE64AB14221323AA00651F90 /* SettingsViewController.swift */,
				BE64AB162213253600651F90 /* ConfigManager.swift */,
			);
			path = TeamPulse;
			sourceTree = "<group>";
		};
/* End PBXGroup section */

/* Begin PBXNativeTarget section */
		BE64AAFE2213211D00651F90 /* TeamPulse */ = {
			isa = PBXNativeTarget;
			buildConfigurationList = BE64AB112213211D00651F90 /* Build configuration list for PBXNativeTarget "TeamPulse" */;
			buildPhases = (
				BE64AAFB2213211D00651F90 /* Sources */,
				BE64AAFC2213211D00651F90 /* Frameworks */,
				BE64AAFD2213211D00651F90 /* Resources */,
			);
			buildRules = (
			);
			dependencies = (
			);
			name = TeamPulse;
			productName = TeamPulse;
			productReference = BE64AAFF2213211D00651F90 /* TeamPulse.app */;
			productType = "com.apple.product-type.application";
		};
/* End PBXNativeTarget section */

/* Begin PBXProject section */
		BE64AAF72213211D00651F90 /* Project object */ = {
			isa = PBXProject;
			attributes = {
				LastSwiftUpdateCheck = 1010;
				LastUpgradeCheck = 1010;
				ORGANIZATIONNAME = "William Welbes";
				TargetAttributes = {
					BE64AAFE2213211D00651F90 = {
						CreatedOnToolsVersion = 10.1;
					};
				};
			};
			buildConfigurationList = BE64AAFA2213211D00651F90 /* Build configuration list for PBXProject "TeamPulse" */;
			compatibilityVersion = "Xcode 9.3";
			developmentRegion = en;
			hasScannedForEncodings = 0;
			knownRegions = (
				en,
				Base,
			);
			mainGroup = BE64AAF62213211D00651F90;
			productRefGroup = BE64AB002213211D00651F90 /* Products */;
			projectDirPath = "";
			projectRoot = "";
			targets = (
				BE64AAFE2213211D00651F90 /* TeamPulse */,
			);
		};
/* End PBXProject section */

/* Begin PBXResourcesBuildPhase section */
		BE64AAFD2213211D00651F90 /* Resources */ = {
			isa = PBXResourcesBuildPhase;
			buildActionMask = 2147483647;
			files = (
				BE64AB0D2213211D00651F90 /* LaunchScreen.storyboard in Resources */,
				BE64AB0A2213211D00651F90 /* Assets.xcassets in Resources */,
				BE64AB082213211D00651F90 /* Main.storyboard in Resources */,
			);
			runOnlyForDeploymentPostprocessing = 0;
		};
/* End PBXResourcesBuildPhase section */

/* Begin PBXSourcesBuildPhase section */
		BE64AAFB2213211D00651F90 /* Sources */ = {
			isa = PBXSourcesBuildPhase;
			buildActionMask = 2147483647;
			files = (
				BE64AB052213211D00651F90 /* DashboardViewController.swift in Sources */,
				BE64AB032213211D00651F90 /* AppDelegate.swift in Sources */,
				BE64AB15221323AA00651F90 /* SettingsViewController.swift in Sources */,
				BE64AB172213253600651F90 /* ConfigManager.swift in Sources */,
			);
			runOnlyForDeploymentPostprocessing = 0;
		};
/* End PBXSourcesBuildPhase section */

/* Begin PBXVariantGroup section */
		BE64AB062213211D00651F90 /* Main.storyboard */ = {
			isa = PBXVariantGroup;
			children = (
				BE64AB072213211D00651F90 /* Base */,
			);
			name = Main.storyboard;
			sourceTree = "<group>";
		};
		BE64AB0B2213211D00651F90 /* LaunchScreen.storyboard */ = {
			isa = PBXVariantGroup;
			children = (
				BE64AB0C2213211D00651F90 /* Base */,
			);
			name = LaunchScreen.storyboard;
			sourceTree = "<group>";
		};
/* End PBXVariantGroup section */

/* Begin XCBuildConfiguration section */
		BE64AB0F2213211D00651F90 /* Debug */ = {
			isa = XCBuildConfiguration;
			buildSettings = {
				ALWAYS_SEARCH_USER_PATHS = NO;
				CLANG_ANALYZER_NONNULL = YES;
				CLANG_ANALYZER_NUMBER_OBJECT_CONVERSION = YES_AGGRESSIVE;
				CLANG_CXX_LANGUAGE_STANDARD = "gnu++14";
				CLANG_CXX_LIBRARY = "libc++";
				CLANG_ENABLE_MODULES = YES;
				CLANG_ENABLE_OBJC_ARC = YES;
				CLANG_ENABLE_OBJC_WEAK = YES;
				CLANG_WARN_BLOCK_CAPTURE_AUTORELEASING = YES;
				CLANG_WARN_BOOL_CONVERSION = YES;
				CLANG_WARN_COMMA = YES;
				CLANG_WARN_CONSTANT_CONVERSION = YES;
				CLANG_WARN_DEPRECATED_OBJC_IMPLEMENTATIONS = YES;
				CLANG_WARN_DIRECT_OBJC_ISA_USAGE = YES_ERROR;
				CLANG_WARN_DOCUMENTATION_COMMENTS = YES;
				CLANG_WARN_EMPTY_BODY = YES;
				CLANG_WARN_ENUM_CONVERSION = YES;
				CLANG_WARN_INFINITE_RECURSION = YES;
				CLANG_WARN_INT_CONVERSION = YES;
				CLANG_WARN_NON_LITERAL_NULL_CONVERSION = YES;
				CLANG_WARN_OBJC_IMPLICIT_RETAIN_SELF = YES;
				CLANG_WARN_OBJC_LITERAL_CONVERSION = YES;
				CLANG_WARN_OBJC_ROOT_CLASS = YES_ERROR;
				CLANG_WARN_RANGE_LOOP_ANALYSIS = YES;
				CLANG_WARN_STRICT_PROTOTYPES = YES;
				CLANG_WARN_SUSPICIOUS_MOVE = YES;
				CLANG_WARN_UNGUARDED_AVAILABILITY = YES_AGGRESSIVE;
				CLANG_WARN_UNREACHABLE_CODE = YES;
				CLANG_WARN__DUPLICATE_METHOD_MATCH = YES;
				CODE_SIGN_IDENTITY = "iPhone Developer";
				COPY_PHASE_STRIP = NO;
				DEBUG_INFORMATION_FORMAT = dwarf;
				ENABLE_STRICT_OBJC_MSGSEND = YES;
				ENABLE_TESTABILITY = YES;
				GCC_C_LANGUAGE_STANDARD = gnu11;
				GCC_DYNAMIC_NO_PIC = NO;
				GCC_NO_COMMON_BLOCKS = YES;
				GCC_OPTIMIZATION_LEVEL = 0;
				GCC_PREPROCESSOR_DEFINITIONS = (
					"DEBUG=1",
					"$(inherited)",
				);
				GCC_WARN_64_TO_32_BIT_CONVERSION = YES;
				GCC_WARN_ABOUT_RETURN_TYPE = YES_ERROR;
				GCC_WARN_UNDECLARED_SELECTOR = YES;
				GCC_WARN_UNINITIALIZED_AUTOS = YES_AGGRESSIVE;
				GCC_WARN_UNUSED_FUNCTION = YES;
				GCC_WARN_UNUSED_VARIABLE = YES;
				IPHONEOS_DEPLOYMENT_TARGET = 12.1;
				MTL_ENABLE_DEBUG_INFO = INCLUDE_SOURCE;
				MTL_FAST_MATH = YES;
				ONLY_ACTIVE_ARCH = YES;
				SDKROOT = iphoneos;
				SWIFT_ACTIVE_COMPILATION_CONDITIONS = DEBUG;
				SWIFT_OPTIMIZATION_LEVEL = "-Onone";
			};
			name = Debug;
		};
		BE64AB102213211D00651F90 /* Release */ = {
			isa = XCBuildConfiguration;
			buildSettings = {
				ALWAYS_SEARCH_USER_PATHS = NO;
				CLANG_ANALYZER_NONNULL = YES;
				CLANG_ANALYZER_NUMBER_OBJECT_CONVERSION = YES_AGGRESSIVE;
				CLANG_CXX_LANGUAGE_STANDARD = "gnu++14";
				CLANG_CXX_LIBRARY = "libc++";
				CLANG_ENABLE_MODULES = YES;
				CLANG_ENABLE_OBJC_ARC = YES;
				CLANG_ENABLE_OBJC_WEAK = YES;
				CLANG_WARN_BLOCK_CAPTURE_AUTORELEASING = YES;
				CLANG_WARN_BOOL_CONVERSION = YES;
				CLANG_WARN_COMMA = YES;
				CLANG_WARN_CONSTANT_CONVERSION = YES;
				CLANG_WARN_DEPRECATED_OBJC_IMPLEMENTATIONS = YES;
				CLANG_WARN_DIRECT_OBJC_ISA_USAGE = YES_ERROR;
				CLANG_WARN_DOCUMENTATION_COMMENTS = YES;
				CLANG_WARN_EMPTY_BODY = YES;
				CLANG_WARN_ENUM_CONVERSION = YES;
				CLANG_WARN_INFINITE_RECURSION = YES;
				CLANG_WARN_INT_CONVERSION = YES;
				CLANG_WARN_NON_LITERAL_NULL_CONVERSION = YES;
				CLANG_WARN_OBJC_IMPLICIT_RETAIN_SELF = YES;
				CLANG_WARN_OBJC_LITERAL_CONVERSION = YES;
				CLANG_WARN_OBJC_ROOT_CLASS = YES_ERROR;
				CLANG_WARN_RANGE_LOOP_ANALYSIS = YES;
				CLANG_WARN_STRICT_PROTOTYPES = YES;
				CLANG_WARN_SUSPICIOUS_MOVE = YES;
				CLANG_WARN_UNGUARDED_AVAILABILITY = YES_AGGRESSIVE;
				CLANG_WARN_UNREACHABLE_CODE = YES;
				CLANG_WARN__DUPLICATE_METHOD_MATCH = YES;
				CODE_SIGN_IDENTITY = "iPhone Developer";
				COPY_PHASE_STRIP = NO;
				DEBUG_INFORMATION_FORMAT = "dwarf-with-dsym";
				ENABLE_NS_ASSERTIONS = NO;
				ENABLE_STRICT_OBJC_MSGSEND = YES;
				GCC_C_LANGUAGE_STANDARD = gnu11;
				GCC_NO_COMMON_BLOCKS = YES;
				GCC_WARN_64_TO_32_BIT_CONVERSION = YES;
				GCC_WARN_ABOUT_RETURN_TYPE = YES_ERROR;
				GCC_WARN_UNDECLARED_SELECTOR = YES;
				GCC_WARN_UNINITIALIZED_AUTOS = YES_AGGRESSIVE;
				GCC_WARN_UNUSED_FUNCTION = YES;
				GCC_WARN_UNUSED_VARIABLE = YES;
				IPHONEOS_DEPLOYMENT_TARGET = 12.1;
				MTL_ENABLE_DEBUG_INFO = NO;
				MTL_FAST_MATH = YES;
				SDKROOT = iphoneos;
				SWIFT_COMPILATION_MODE = wholemodule;
				SWIFT_OPTIMIZATION_LEVEL = "-O";
				VALIDATE_PRODUCT = YES;
			};
			name = Release;
		};
		BE64AB122213211D00651F90 /* Debug */ = {
			isa = XCBuildConfiguration;
			buildSettings = {
				ASSETCATALOG_COMPILER_APPICON_NAME = AppIcon;
				CODE_SIGN_STYLE = Automatic;
				DEVELOPMENT_TEAM = 92VW9KVNP2;
				INFOPLIST_FILE = TeamPulse/Info.plist;
				LD_RUNPATH_SEARCH_PATHS = (
					"$(inherited)",
					"@executable_path/Frameworks",
				);
				PRODUCT_BUNDLE_IDENTIFIER = com.williamwelbes.TeamPulse;
				PRODUCT_NAME = "$(TARGET_NAME)";
				SWIFT_VERSION = 4.2;
				TARGETED_DEVICE_FAMILY = "1,2";
			};
			name = Debug;
		};
		BE64AB132213211D00651F90 /* Release */ = {
			isa = XCBuildConfiguration;
			buildSettings = {
				ASSETCATALOG_COMPILER_APPICON_NAME = AppIcon;
				CODE_SIGN_STYLE = Automatic;
				DEVELOPMENT_TEAM = 92VW9KVNP2;
				INFOPLIST_FILE = TeamPulse/Info.plist;
				LD_RUNPATH_SEARCH_PATHS = (
					"$(inherited)",
					"@executable_path/Frameworks",
				);
				PRODUCT_BUNDLE_IDENTIFIER = com.williamwelbes.TeamPulse;
				PRODUCT_NAME = "$(TARGET_NAME)";
				SWIFT_VERSION = 4.2;
				TARGETED_DEVICE_FAMILY = "1,2";
			};
			name = Release;
		};
/* End XCBuildConfiguration section */

/* Begin XCConfigurationList section */
		BE64AAFA2213211D00651F90 /* Build configuration list for PBXProject "TeamPulse" */ = {
			isa = XCConfigurationList;
			buildConfigurations = (
				BE64AB0F2213211D00651F90 /* Debug */,
				BE64AB102213211D00651F90 /* Release */,
			);
			defaultConfigurationIsVisible = 0;
			defaultConfigurationName = Release;
		};
		BE64AB112213211D00651F90 /* Build configuration list for PBXNativeTarget "TeamPulse" */ = {
			isa = XCConfigurationList;
			buildConfigurations = (
				BE64AB122213211D00651F90 /* Debug */,
				BE64AB132213211D00651F90 /* Release */,
			);
			defaultConfigurationIsVisible = 0;
			defaultConfigurationName = Release;
		};
/* End XCConfigurationList section */
	};
	rootObject = BE64AAF72213211D00651F90 /* Project object */;
}
