// !$*UTF8*$!
{
	archiveVersion = 1;
	classes = {
	};
	objectVersion = 50;
	objects = {

/* Begin PBXBuildFile section */
		AA811D0A75B44B2259B5F7F0 /* Pods_TeamPulse.framework in Frameworks */ = {isa = PBXBuildFile; fileRef = F925DB349FCD558761AFF9D6 /* Pods_TeamPulse.framework */; };
		BE64AB032213211D00651F90 /* AppDelegate.swift in Sources */ = {isa = PBXBuildFile; fileRef = BE64AB022213211D00651F90 /* AppDelegate.swift */; };
		BE64AB052213211D00651F90 /* DashboardViewController.swift in Sources */ = {isa = PBXBuildFile; fileRef = BE64AB042213211D00651F90 /* DashboardViewController.swift */; };
		BE64AB082213211D00651F90 /* Main.storyboard in Resources */ = {isa = PBXBuildFile; fileRef = BE64AB062213211D00651F90 /* Main.storyboard */; };
		BE64AB0A2213211D00651F90 /* Assets.xcassets in Resources */ = {isa = PBXBuildFile; fileRef = BE64AB092213211D00651F90 /* Assets.xcassets */; };
		BE64AB0D2213211D00651F90 /* LaunchScreen.storyboard in Resources */ = {isa = PBXBuildFile; fileRef = BE64AB0B2213211D00651F90 /* LaunchScreen.storyboard */; };
		BE64AB15221323AA00651F90 /* SettingsViewController.swift in Sources */ = {isa = PBXBuildFile; fileRef = BE64AB14221323AA00651F90 /* SettingsViewController.swift */; };
		BE64AB172213253600651F90 /* ConfigManager.swift in Sources */ = {isa = PBXBuildFile; fileRef = BE64AB162213253600651F90 /* ConfigManager.swift */; };
		BE64AB1922133EE400651F90 /* Extensions.swift in Sources */ = {isa = PBXBuildFile; fileRef = BE64AB1822133EE400651F90 /* Extensions.swift */; };
		BE64AB1C2213531100651F90 /* HealthKit.framework in Frameworks */ = {isa = PBXBuildFile; fileRef = BE64AB1B2213531100651F90 /* HealthKit.framework */; };
		BE64AB1F2213532E00651F90 /* HealthDataManager.swift in Sources */ = {isa = PBXBuildFile; fileRef = BE64AB1E2213532E00651F90 /* HealthDataManager.swift */; };
		BE64AB262213597500651F90 /* Interface.storyboard in Resources */ = {isa = PBXBuildFile; fileRef = BE64AB242213597500651F90 /* Interface.storyboard */; };
		BE64AB282213597600651F90 /* Assets.xcassets in Resources */ = {isa = PBXBuildFile; fileRef = BE64AB272213597600651F90 /* Assets.xcassets */; };
		BE64AB2F2213597600651F90 /* Watch Extension.appex in Embed App Extensions */ = {isa = PBXBuildFile; fileRef = BE64AB2E2213597600651F90 /* Watch Extension.appex */; settings = {ATTRIBUTES = (RemoveHeadersOnCopy, ); }; };
		BE64AB342213597600651F90 /* InterfaceController.swift in Sources */ = {isa = PBXBuildFile; fileRef = BE64AB332213597600651F90 /* InterfaceController.swift */; };
		BE64AB362213597600651F90 /* ExtensionDelegate.swift in Sources */ = {isa = PBXBuildFile; fileRef = BE64AB352213597600651F90 /* ExtensionDelegate.swift */; };
		BE64AB382213597600651F90 /* Assets.xcassets in Resources */ = {isa = PBXBuildFile; fileRef = BE64AB372213597600651F90 /* Assets.xcassets */; };
		BE64AB3C2213597600651F90 /* Watch.app in Embed Watch Content */ = {isa = PBXBuildFile; fileRef = BE64AB222213597500651F90 /* Watch.app */; };
		BE64AB472213598D00651F90 /* HealthKit.framework in Frameworks */ = {isa = PBXBuildFile; fileRef = BE64AB462213598D00651F90 /* HealthKit.framework */; };
		BE64AB482213599300651F90 /* HealthDataManager.swift in Sources */ = {isa = PBXBuildFile; fileRef = BE64AB1E2213532E00651F90 /* HealthDataManager.swift */; };
		BE64AB4A22135AA300651F90 /* SessionHandler.swift in Sources */ = {isa = PBXBuildFile; fileRef = BE64AB4922135AA300651F90 /* SessionHandler.swift */; };
		BE64AB4C221362B000651F90 /* MessageManager.swift in Sources */ = {isa = PBXBuildFile; fileRef = BE64AB4B221362B000651F90 /* MessageManager.swift */; };
		BE64AB4E2213A4AD00651F90 /* HeartRateModel.swift in Sources */ = {isa = PBXBuildFile; fileRef = BE64AB4D2213A4AD00651F90 /* HeartRateModel.swift */; };
		BE64AB502213AC7100651F90 /* HeartRateCollectionViewCell.swift in Sources */ = {isa = PBXBuildFile; fileRef = BE64AB4F2213AC7100651F90 /* HeartRateCollectionViewCell.swift */; };
/* End PBXBuildFile section */

/* Begin PBXContainerItemProxy section */
		BE64AB302213597600651F90 /* PBXContainerItemProxy */ = {
			isa = PBXContainerItemProxy;
			containerPortal = BE64AAF72213211D00651F90 /* Project object */;
			proxyType = 1;
			remoteGlobalIDString = BE64AB2D2213597600651F90;
			remoteInfo = "Watch Extension";
		};
		BE64AB3A2213597600651F90 /* PBXContainerItemProxy */ = {
			isa = PBXContainerItemProxy;
			containerPortal = BE64AAF72213211D00651F90 /* Project object */;
			proxyType = 1;
			remoteGlobalIDString = BE64AB212213597500651F90;
			remoteInfo = Watch;
		};
/* End PBXContainerItemProxy section */

/* Begin PBXCopyFilesBuildPhase section */
		BE64AB402213597600651F90 /* Embed App Extensions */ = {
			isa = PBXCopyFilesBuildPhase;
			buildActionMask = 2147483647;
			dstPath = "";
			dstSubfolderSpec = 13;
			files = (
				BE64AB2F2213597600651F90 /* Watch Extension.appex in Embed App Extensions */,
			);
			name = "Embed App Extensions";
			runOnlyForDeploymentPostprocessing = 0;
		};
		BE64AB442213597600651F90 /* Embed Watch Content */ = {
			isa = PBXCopyFilesBuildPhase;
			buildActionMask = 2147483647;
			dstPath = "$(CONTENTS_FOLDER_PATH)/Watch";
			dstSubfolderSpec = 16;
			files = (
				BE64AB3C2213597600651F90 /* Watch.app in Embed Watch Content */,
			);
			name = "Embed Watch Content";
			runOnlyForDeploymentPostprocessing = 0;
		};
/* End PBXCopyFilesBuildPhase section */

/* Begin PBXFileReference section */
		9B9C97F456209A28A4C486D5 /* Pods-TeamPulse.debug.xcconfig */ = {isa = PBXFileReference; includeInIndex = 1; lastKnownFileType = text.xcconfig; name = "Pods-TeamPulse.debug.xcconfig"; path = "Pods/Target Support Files/Pods-TeamPulse/Pods-TeamPulse.debug.xcconfig"; sourceTree = "<group>"; };
		BE5235E10CFAE14C8F7487BC /* Pods-TeamPulse.release.xcconfig */ = {isa = PBXFileReference; includeInIndex = 1; lastKnownFileType = text.xcconfig; name = "Pods-TeamPulse.release.xcconfig"; path = "Pods/Target Support Files/Pods-TeamPulse/Pods-TeamPulse.release.xcconfig"; sourceTree = "<group>"; };
		BE64AAFF2213211D00651F90 /* TeamPulse.app */ = {isa = PBXFileReference; explicitFileType = wrapper.application; includeInIndex = 0; path = TeamPulse.app; sourceTree = BUILT_PRODUCTS_DIR; };
		BE64AB022213211D00651F90 /* AppDelegate.swift */ = {isa = PBXFileReference; lastKnownFileType = sourcecode.swift; path = AppDelegate.swift; sourceTree = "<group>"; };
		BE64AB042213211D00651F90 /* DashboardViewController.swift */ = {isa = PBXFileReference; lastKnownFileType = sourcecode.swift; path = DashboardViewController.swift; sourceTree = "<group>"; };
		BE64AB072213211D00651F90 /* Base */ = {isa = PBXFileReference; lastKnownFileType = file.storyboard; name = Base; path = Base.lproj/Main.storyboard; sourceTree = "<group>"; };
		BE64AB092213211D00651F90 /* Assets.xcassets */ = {isa = PBXFileReference; lastKnownFileType = folder.assetcatalog; path = Assets.xcassets; sourceTree = "<group>"; };
		BE64AB0C2213211D00651F90 /* Base */ = {isa = PBXFileReference; lastKnownFileType = file.storyboard; name = Base; path = Base.lproj/LaunchScreen.storyboard; sourceTree = "<group>"; };
		BE64AB0E2213211D00651F90 /* Info.plist */ = {isa = PBXFileReference; lastKnownFileType = text.plist.xml; path = Info.plist; sourceTree = "<group>"; };
		BE64AB14221323AA00651F90 /* SettingsViewController.swift */ = {isa = PBXFileReference; lastKnownFileType = sourcecode.swift; path = SettingsViewController.swift; sourceTree = "<group>"; };
		BE64AB162213253600651F90 /* ConfigManager.swift */ = {isa = PBXFileReference; lastKnownFileType = sourcecode.swift; path = ConfigManager.swift; sourceTree = "<group>"; };
		BE64AB1822133EE400651F90 /* Extensions.swift */ = {isa = PBXFileReference; lastKnownFileType = sourcecode.swift; path = Extensions.swift; sourceTree = "<group>"; };
		BE64AB1B2213531100651F90 /* HealthKit.framework */ = {isa = PBXFileReference; lastKnownFileType = wrapper.framework; name = HealthKit.framework; path = System/Library/Frameworks/HealthKit.framework; sourceTree = SDKROOT; };
		BE64AB1D2213531100651F90 /* TeamPulse.entitlements */ = {isa = PBXFileReference; lastKnownFileType = text.plist.entitlements; path = TeamPulse.entitlements; sourceTree = "<group>"; };
		BE64AB1E2213532E00651F90 /* HealthDataManager.swift */ = {isa = PBXFileReference; lastKnownFileType = sourcecode.swift; path = HealthDataManager.swift; sourceTree = "<group>"; };
		BE64AB222213597500651F90 /* Watch.app */ = {isa = PBXFileReference; explicitFileType = wrapper.application; includeInIndex = 0; path = Watch.app; sourceTree = BUILT_PRODUCTS_DIR; };
		BE64AB252213597500651F90 /* Base */ = {isa = PBXFileReference; lastKnownFileType = file.storyboard; name = Base; path = Base.lproj/Interface.storyboard; sourceTree = "<group>"; };
		BE64AB272213597600651F90 /* Assets.xcassets */ = {isa = PBXFileReference; lastKnownFileType = folder.assetcatalog; path = Assets.xcassets; sourceTree = "<group>"; };
		BE64AB292213597600651F90 /* Info.plist */ = {isa = PBXFileReference; lastKnownFileType = text.plist.xml; path = Info.plist; sourceTree = "<group>"; };
		BE64AB2E2213597600651F90 /* Watch Extension.appex */ = {isa = PBXFileReference; explicitFileType = "wrapper.app-extension"; includeInIndex = 0; path = "Watch Extension.appex"; sourceTree = BUILT_PRODUCTS_DIR; };
		BE64AB332213597600651F90 /* InterfaceController.swift */ = {isa = PBXFileReference; lastKnownFileType = sourcecode.swift; path = InterfaceController.swift; sourceTree = "<group>"; };
		BE64AB352213597600651F90 /* ExtensionDelegate.swift */ = {isa = PBXFileReference; lastKnownFileType = sourcecode.swift; path = ExtensionDelegate.swift; sourceTree = "<group>"; };
		BE64AB372213597600651F90 /* Assets.xcassets */ = {isa = PBXFileReference; lastKnownFileType = folder.assetcatalog; path = Assets.xcassets; sourceTree = "<group>"; };
		BE64AB392213597600651F90 /* Info.plist */ = {isa = PBXFileReference; lastKnownFileType = text.plist.xml; path = Info.plist; sourceTree = "<group>"; };
		BE64AB452213598D00651F90 /* Watch Extension.entitlements */ = {isa = PBXFileReference; lastKnownFileType = text.plist.entitlements; path = "Watch Extension.entitlements"; sourceTree = "<group>"; };
		BE64AB462213598D00651F90 /* HealthKit.framework */ = {isa = PBXFileReference; lastKnownFileType = wrapper.framework; name = HealthKit.framework; path = Platforms/WatchOS.platform/Developer/SDKs/WatchOS5.1.sdk/System/Library/Frameworks/HealthKit.framework; sourceTree = DEVELOPER_DIR; };
		BE64AB4922135AA300651F90 /* SessionHandler.swift */ = {isa = PBXFileReference; lastKnownFileType = sourcecode.swift; path = SessionHandler.swift; sourceTree = "<group>"; };
		BE64AB4B221362B000651F90 /* MessageManager.swift */ = {isa = PBXFileReference; lastKnownFileType = sourcecode.swift; path = MessageManager.swift; sourceTree = "<group>"; };
		BE64AB4D2213A4AD00651F90 /* HeartRateModel.swift */ = {isa = PBXFileReference; lastKnownFileType = sourcecode.swift; path = HeartRateModel.swift; sourceTree = "<group>"; };
		BE64AB4F2213AC7100651F90 /* HeartRateCollectionViewCell.swift */ = {isa = PBXFileReference; lastKnownFileType = sourcecode.swift; path = HeartRateCollectionViewCell.swift; sourceTree = "<group>"; };
		F925DB349FCD558761AFF9D6 /* Pods_TeamPulse.framework */ = {isa = PBXFileReference; explicitFileType = wrapper.framework; includeInIndex = 0; path = Pods_TeamPulse.framework; sourceTree = BUILT_PRODUCTS_DIR; };
/* End PBXFileReference section */

/* Begin PBXFrameworksBuildPhase section */
		91B3D53BE9A31DB314C4EE2D /* Frameworks */ = {
			isa = PBXFrameworksBuildPhase;
			buildActionMask = 2147483647;
			files = (
			);
			runOnlyForDeploymentPostprocessing = 0;
		};
		BE64AAFC2213211D00651F90 /* Frameworks */ = {
			isa = PBXFrameworksBuildPhase;
			buildActionMask = 2147483647;
			files = (
				BE64AB1C2213531100651F90 /* HealthKit.framework in Frameworks */,
				AA811D0A75B44B2259B5F7F0 /* Pods_TeamPulse.framework in Frameworks */,
			);
			runOnlyForDeploymentPostprocessing = 0;
		};
		BE64AB2B2213597600651F90 /* Frameworks */ = {
			isa = PBXFrameworksBuildPhase;
			buildActionMask = 2147483647;
			files = (
				BE64AB472213598D00651F90 /* HealthKit.framework in Frameworks */,
			);
			runOnlyForDeploymentPostprocessing = 0;
		};
/* End PBXFrameworksBuildPhase section */

/* Begin PBXGroup section */
		59E8258341043883F157245E /* Pods */ = {
			isa = PBXGroup;
			children = (
				9B9C97F456209A28A4C486D5 /* Pods-TeamPulse.debug.xcconfig */,
				BE5235E10CFAE14C8F7487BC /* Pods-TeamPulse.release.xcconfig */,
			);
			name = Pods;
			sourceTree = "<group>";
		};
		BE64AAF62213211D00651F90 = {
			isa = PBXGroup;
			children = (
				BE64AB012213211D00651F90 /* TeamPulse */,
				BE64AB232213597500651F90 /* Watch */,
				BE64AB322213597600651F90 /* Watch Extension */,
				BE64AB002213211D00651F90 /* Products */,
				BE64AB1A2213531100651F90 /* Frameworks */,
				59E8258341043883F157245E /* Pods */,
			);
			sourceTree = "<group>";
		};
		BE64AB002213211D00651F90 /* Products */ = {
			isa = PBXGroup;
			children = (
				BE64AAFF2213211D00651F90 /* TeamPulse.app */,
				BE64AB222213597500651F90 /* Watch.app */,
				BE64AB2E2213597600651F90 /* Watch Extension.appex */,
			);
			name = Products;
			sourceTree = "<group>";
		};
		BE64AB012213211D00651F90 /* TeamPulse */ = {
			isa = PBXGroup;
			children = (
				BE64AB1D2213531100651F90 /* TeamPulse.entitlements */,
				BE64AB022213211D00651F90 /* AppDelegate.swift */,
				BE64AB042213211D00651F90 /* DashboardViewController.swift */,
				BE64AB062213211D00651F90 /* Main.storyboard */,
				BE64AB092213211D00651F90 /* Assets.xcassets */,
				BE64AB0B2213211D00651F90 /* LaunchScreen.storyboard */,
				BE64AB0E2213211D00651F90 /* Info.plist */,
				BE64AB14221323AA00651F90 /* SettingsViewController.swift */,
				BE64AB162213253600651F90 /* ConfigManager.swift */,
				BE64AB1822133EE400651F90 /* Extensions.swift */,
				BE64AB1E2213532E00651F90 /* HealthDataManager.swift */,
				BE64AB4922135AA300651F90 /* SessionHandler.swift */,
				BE64AB4B221362B000651F90 /* MessageManager.swift */,
				BE64AB4D2213A4AD00651F90 /* HeartRateModel.swift */,
				BE64AB4F2213AC7100651F90 /* HeartRateCollectionViewCell.swift */,
			);
			path = TeamPulse;
			sourceTree = "<group>";
		};
		BE64AB1A2213531100651F90 /* Frameworks */ = {
			isa = PBXGroup;
			children = (
				BE64AB462213598D00651F90 /* HealthKit.framework */,
				BE64AB1B2213531100651F90 /* HealthKit.framework */,
				F925DB349FCD558761AFF9D6 /* Pods_TeamPulse.framework */,
			);
			name = Frameworks;
			sourceTree = "<group>";
		};
		BE64AB232213597500651F90 /* Watch */ = {
			isa = PBXGroup;
			children = (
				BE64AB242213597500651F90 /* Interface.storyboard */,
				BE64AB272213597600651F90 /* Assets.xcassets */,
				BE64AB292213597600651F90 /* Info.plist */,
			);
			path = Watch;
			sourceTree = "<group>";
		};
		BE64AB322213597600651F90 /* Watch Extension */ = {
			isa = PBXGroup;
			children = (
				BE64AB452213598D00651F90 /* Watch Extension.entitlements */,
				BE64AB332213597600651F90 /* InterfaceController.swift */,
				BE64AB352213597600651F90 /* ExtensionDelegate.swift */,
				BE64AB372213597600651F90 /* Assets.xcassets */,
				BE64AB392213597600651F90 /* Info.plist */,
			);
			path = "Watch Extension";
			sourceTree = "<group>";
		};
/* End PBXGroup section */

/* Begin PBXNativeTarget section */
		BE64AAFE2213211D00651F90 /* TeamPulse */ = {
			isa = PBXNativeTarget;
			buildConfigurationList = BE64AB112213211D00651F90 /* Build configuration list for PBXNativeTarget "TeamPulse" */;
			buildPhases = (
				112107F5ED68C110FE563C98 /* [CP] Check Pods Manifest.lock */,
				BE64AAFB2213211D00651F90 /* Sources */,
				BE64AAFC2213211D00651F90 /* Frameworks */,
				BE64AAFD2213211D00651F90 /* Resources */,
				BE64AB442213597600651F90 /* Embed Watch Content */,
				95F28910F4D4BFED04718D4E /* [CP] Embed Pods Frameworks */,
			);
			buildRules = (
			);
			dependencies = (
				BE64AB3B2213597600651F90 /* PBXTargetDependency */,
			);
			name = TeamPulse;
			productName = TeamPulse;
			productReference = BE64AAFF2213211D00651F90 /* TeamPulse.app */;
			productType = "com.apple.product-type.application";
		};
		BE64AB212213597500651F90 /* Watch */ = {
			isa = PBXNativeTarget;
			buildConfigurationList = BE64AB412213597600651F90 /* Build configuration list for PBXNativeTarget "Watch" */;
			buildPhases = (
				BE64AB202213597500651F90 /* Resources */,
				BE64AB402213597600651F90 /* Embed App Extensions */,
				91B3D53BE9A31DB314C4EE2D /* Frameworks */,
			);
			buildRules = (
			);
			dependencies = (
				BE64AB312213597600651F90 /* PBXTargetDependency */,
			);
			name = Watch;
			productName = Watch;
			productReference = BE64AB222213597500651F90 /* Watch.app */;
			productType = "com.apple.product-type.application.watchapp2";
		};
		BE64AB2D2213597600651F90 /* Watch Extension */ = {
			isa = PBXNativeTarget;
			buildConfigurationList = BE64AB3D2213597600651F90 /* Build configuration list for PBXNativeTarget "Watch Extension" */;
			buildPhases = (
				BE64AB2A2213597600651F90 /* Sources */,
				BE64AB2B2213597600651F90 /* Frameworks */,
				BE64AB2C2213597600651F90 /* Resources */,
			);
			buildRules = (
			);
			dependencies = (
			);
			name = "Watch Extension";
			productName = "Watch Extension";
			productReference = BE64AB2E2213597600651F90 /* Watch Extension.appex */;
			productType = "com.apple.product-type.watchkit2-extension";
		};
/* End PBXNativeTarget section */

/* Begin PBXProject section */
		BE64AAF72213211D00651F90 /* Project object */ = {
			isa = PBXProject;
			attributes = {
				LastSwiftUpdateCheck = 1010;
				LastUpgradeCheck = 1010;
				ORGANIZATIONNAME = "William Welbes";
				TargetAttributes = {
					BE64AAFE2213211D00651F90 = {
						CreatedOnToolsVersion = 10.1;
						SystemCapabilities = {
							com.apple.HealthKit = {
								enabled = 1;
							};
						};
					};
					BE64AB212213597500651F90 = {
						CreatedOnToolsVersion = 10.1;
					};
					BE64AB2D2213597600651F90 = {
						CreatedOnToolsVersion = 10.1;
						SystemCapabilities = {
							com.apple.HealthKit.watchos = {
								enabled = 1;
							};
						};
					};
				};
			};
			buildConfigurationList = BE64AAFA2213211D00651F90 /* Build configuration list for PBXProject "TeamPulse" */;
			compatibilityVersion = "Xcode 9.3";
			developmentRegion = en;
			hasScannedForEncodings = 0;
			knownRegions = (
				en,
				Base,
			);
			mainGroup = BE64AAF62213211D00651F90;
			productRefGroup = BE64AB002213211D00651F90 /* Products */;
			projectDirPath = "";
			projectRoot = "";
			targets = (
				BE64AAFE2213211D00651F90 /* TeamPulse */,
				BE64AB212213597500651F90 /* Watch */,
				BE64AB2D2213597600651F90 /* Watch Extension */,
			);
		};
/* End PBXProject section */

/* Begin PBXResourcesBuildPhase section */
		BE64AAFD2213211D00651F90 /* Resources */ = {
			isa = PBXResourcesBuildPhase;
			buildActionMask = 2147483647;
			files = (
				BE64AB0D2213211D00651F90 /* LaunchScreen.storyboard in Resources */,
				BE64AB0A2213211D00651F90 /* Assets.xcassets in Resources */,
				BE64AB082213211D00651F90 /* Main.storyboard in Resources */,
			);
			runOnlyForDeploymentPostprocessing = 0;
		};
		BE64AB202213597500651F90 /* Resources */ = {
			isa = PBXResourcesBuildPhase;
			buildActionMask = 2147483647;
			files = (
				BE64AB282213597600651F90 /* Assets.xcassets in Resources */,
				BE64AB262213597500651F90 /* Interface.storyboard in Resources */,
			);
			runOnlyForDeploymentPostprocessing = 0;
		};
		BE64AB2C2213597600651F90 /* Resources */ = {
			isa = PBXResourcesBuildPhase;
			buildActionMask = 2147483647;
			files = (
				BE64AB382213597600651F90 /* Assets.xcassets in Resources */,
			);
			runOnlyForDeploymentPostprocessing = 0;
		};
/* End PBXResourcesBuildPhase section */

/* Begin PBXShellScriptBuildPhase section */
		112107F5ED68C110FE563C98 /* [CP] Check Pods Manifest.lock */ = {
			isa = PBXShellScriptBuildPhase;
			buildActionMask = 2147483647;
			files = (
			);
			inputPaths = (
				"${PODS_PODFILE_DIR_PATH}/Podfile.lock",
				"${PODS_ROOT}/Manifest.lock",
			);
			name = "[CP] Check Pods Manifest.lock";
			outputPaths = (
				"$(DERIVED_FILE_DIR)/Pods-TeamPulse-checkManifestLockResult.txt",
			);
			runOnlyForDeploymentPostprocessing = 0;
			shellPath = /bin/sh;
			shellScript = "diff \"${PODS_PODFILE_DIR_PATH}/Podfile.lock\" \"${PODS_ROOT}/Manifest.lock\" > /dev/null\nif [ $? != 0 ] ; then\n    # print error to STDERR\n    echo \"error: The sandbox is not in sync with the Podfile.lock. Run 'pod install' or update your CocoaPods installation.\" >&2\n    exit 1\nfi\n# This output is used by Xcode 'outputs' to avoid re-running this script phase.\necho \"SUCCESS\" > \"${SCRIPT_OUTPUT_FILE_0}\"\n";
			showEnvVarsInLog = 0;
		};
		95F28910F4D4BFED04718D4E /* [CP] Embed Pods Frameworks */ = {
			isa = PBXShellScriptBuildPhase;
			buildActionMask = 2147483647;
			files = (
			);
			inputPaths = (
				"${SRCROOT}/Pods/Target Support Files/Pods-TeamPulse/Pods-TeamPulse-frameworks.sh",
				"${BUILT_PRODUCTS_DIR}/AWSCore/AWSCore.framework",
				"${BUILT_PRODUCTS_DIR}/AWSIoT/AWSIoT.framework",
			);
			name = "[CP] Embed Pods Frameworks";
			outputPaths = (
				"${TARGET_BUILD_DIR}/${FRAMEWORKS_FOLDER_PATH}/AWSCore.framework",
				"${TARGET_BUILD_DIR}/${FRAMEWORKS_FOLDER_PATH}/AWSIoT.framework",
			);
			runOnlyForDeploymentPostprocessing = 0;
			shellPath = /bin/sh;
			shellScript = "\"${SRCROOT}/Pods/Target Support Files/Pods-TeamPulse/Pods-TeamPulse-frameworks.sh\"\n";
			showEnvVarsInLog = 0;
		};
/* End PBXShellScriptBuildPhase section */

/* Begin PBXSourcesBuildPhase section */
		BE64AAFB2213211D00651F90 /* Sources */ = {
			isa = PBXSourcesBuildPhase;
			buildActionMask = 2147483647;
			files = (
				BE64AB1922133EE400651F90 /* Extensions.swift in Sources */,
				BE64AB502213AC7100651F90 /* HeartRateCollectionViewCell.swift in Sources */,
				BE64AB052213211D00651F90 /* DashboardViewController.swift in Sources */,
				BE64AB4E2213A4AD00651F90 /* HeartRateModel.swift in Sources */,
				BE64AB4A22135AA300651F90 /* SessionHandler.swift in Sources */,
				BE64AB032213211D00651F90 /* AppDelegate.swift in Sources */,
				BE64AB15221323AA00651F90 /* SettingsViewController.swift in Sources */,
				BE64AB172213253600651F90 /* ConfigManager.swift in Sources */,
				BE64AB1F2213532E00651F90 /* HealthDataManager.swift in Sources */,
				BE64AB4C221362B000651F90 /* MessageManager.swift in Sources */,
			);
			runOnlyForDeploymentPostprocessing = 0;
		};
		BE64AB2A2213597600651F90 /* Sources */ = {
			isa = PBXSourcesBuildPhase;
			buildActionMask = 2147483647;
			files = (
				BE64AB362213597600651F90 /* ExtensionDelegate.swift in Sources */,
				BE64AB342213597600651F90 /* InterfaceController.swift in Sources */,
				BE64AB482213599300651F90 /* HealthDataManager.swift in Sources */,
			);
			runOnlyForDeploymentPostprocessing = 0;
		};
/* End PBXSourcesBuildPhase section */

/* Begin PBXTargetDependency section */
		BE64AB312213597600651F90 /* PBXTargetDependency */ = {
			isa = PBXTargetDependency;
			target = BE64AB2D2213597600651F90 /* Watch Extension */;
			targetProxy = BE64AB302213597600651F90 /* PBXContainerItemProxy */;
		};
		BE64AB3B2213597600651F90 /* PBXTargetDependency */ = {
			isa = PBXTargetDependency;
			target = BE64AB212213597500651F90 /* Watch */;
			targetProxy = BE64AB3A2213597600651F90 /* PBXContainerItemProxy */;
		};
/* End PBXTargetDependency section */

/* Begin PBXVariantGroup section */
		BE64AB062213211D00651F90 /* Main.storyboard */ = {
			isa = PBXVariantGroup;
			children = (
				BE64AB072213211D00651F90 /* Base */,
			);
			name = Main.storyboard;
			sourceTree = "<group>";
		};
		BE64AB0B2213211D00651F90 /* LaunchScreen.storyboard */ = {
			isa = PBXVariantGroup;
			children = (
				BE64AB0C2213211D00651F90 /* Base */,
			);
			name = LaunchScreen.storyboard;
			sourceTree = "<group>";
		};
		BE64AB242213597500651F90 /* Interface.storyboard */ = {
			isa = PBXVariantGroup;
			children = (
				BE64AB252213597500651F90 /* Base */,
			);
			name = Interface.storyboard;
			sourceTree = "<group>";
		};
/* End PBXVariantGroup section */

/* Begin XCBuildConfiguration section */
		BE64AB0F2213211D00651F90 /* Debug */ = {
			isa = XCBuildConfiguration;
			buildSettings = {
				ALWAYS_SEARCH_USER_PATHS = NO;
				CLANG_ANALYZER_NONNULL = YES;
				CLANG_ANALYZER_NUMBER_OBJECT_CONVERSION = YES_AGGRESSIVE;
				CLANG_CXX_LANGUAGE_STANDARD = "gnu++14";
				CLANG_CXX_LIBRARY = "libc++";
				CLANG_ENABLE_MODULES = YES;
				CLANG_ENABLE_OBJC_ARC = YES;
				CLANG_ENABLE_OBJC_WEAK = YES;
				CLANG_WARN_BLOCK_CAPTURE_AUTORELEASING = YES;
				CLANG_WARN_BOOL_CONVERSION = YES;
				CLANG_WARN_COMMA = YES;
				CLANG_WARN_CONSTANT_CONVERSION = YES;
				CLANG_WARN_DEPRECATED_OBJC_IMPLEMENTATIONS = YES;
				CLANG_WARN_DIRECT_OBJC_ISA_USAGE = YES_ERROR;
				CLANG_WARN_DOCUMENTATION_COMMENTS = YES;
				CLANG_WARN_EMPTY_BODY = YES;
				CLANG_WARN_ENUM_CONVERSION = YES;
				CLANG_WARN_INFINITE_RECURSION = YES;
				CLANG_WARN_INT_CONVERSION = YES;
				CLANG_WARN_NON_LITERAL_NULL_CONVERSION = YES;
				CLANG_WARN_OBJC_IMPLICIT_RETAIN_SELF = YES;
				CLANG_WARN_OBJC_LITERAL_CONVERSION = YES;
				CLANG_WARN_OBJC_ROOT_CLASS = YES_ERROR;
				CLANG_WARN_RANGE_LOOP_ANALYSIS = YES;
				CLANG_WARN_STRICT_PROTOTYPES = YES;
				CLANG_WARN_SUSPICIOUS_MOVE = YES;
				CLANG_WARN_UNGUARDED_AVAILABILITY = YES_AGGRESSIVE;
				CLANG_WARN_UNREACHABLE_CODE = YES;
				CLANG_WARN__DUPLICATE_METHOD_MATCH = YES;
				CODE_SIGN_IDENTITY = "iPhone Developer";
				COPY_PHASE_STRIP = NO;
				DEBUG_INFORMATION_FORMAT = dwarf;
				ENABLE_STRICT_OBJC_MSGSEND = YES;
				ENABLE_TESTABILITY = YES;
				GCC_C_LANGUAGE_STANDARD = gnu11;
				GCC_DYNAMIC_NO_PIC = NO;
				GCC_NO_COMMON_BLOCKS = YES;
				GCC_OPTIMIZATION_LEVEL = 0;
				GCC_PREPROCESSOR_DEFINITIONS = (
					"DEBUG=1",
					"$(inherited)",
				);
				GCC_WARN_64_TO_32_BIT_CONVERSION = YES;
				GCC_WARN_ABOUT_RETURN_TYPE = YES_ERROR;
				GCC_WARN_UNDECLARED_SELECTOR = YES;
				GCC_WARN_UNINITIALIZED_AUTOS = YES_AGGRESSIVE;
				GCC_WARN_UNUSED_FUNCTION = YES;
				GCC_WARN_UNUSED_VARIABLE = YES;
				IPHONEOS_DEPLOYMENT_TARGET = 12.1;
				MTL_ENABLE_DEBUG_INFO = INCLUDE_SOURCE;
				MTL_FAST_MATH = YES;
				ONLY_ACTIVE_ARCH = YES;
				SDKROOT = iphoneos;
				SWIFT_ACTIVE_COMPILATION_CONDITIONS = DEBUG;
				SWIFT_OPTIMIZATION_LEVEL = "-Onone";
			};
			name = Debug;
		};
		BE64AB102213211D00651F90 /* Release */ = {
			isa = XCBuildConfiguration;
			buildSettings = {
				ALWAYS_SEARCH_USER_PATHS = NO;
				CLANG_ANALYZER_NONNULL = YES;
				CLANG_ANALYZER_NUMBER_OBJECT_CONVERSION = YES_AGGRESSIVE;
				CLANG_CXX_LANGUAGE_STANDARD = "gnu++14";
				CLANG_CXX_LIBRARY = "libc++";
				CLANG_ENABLE_MODULES = YES;
				CLANG_ENABLE_OBJC_ARC = YES;
				CLANG_ENABLE_OBJC_WEAK = YES;
				CLANG_WARN_BLOCK_CAPTURE_AUTORELEASING = YES;
				CLANG_WARN_BOOL_CONVERSION = YES;
				CLANG_WARN_COMMA = YES;
				CLANG_WARN_CONSTANT_CONVERSION = YES;
				CLANG_WARN_DEPRECATED_OBJC_IMPLEMENTATIONS = YES;
				CLANG_WARN_DIRECT_OBJC_ISA_USAGE = YES_ERROR;
				CLANG_WARN_DOCUMENTATION_COMMENTS = YES;
				CLANG_WARN_EMPTY_BODY = YES;
				CLANG_WARN_ENUM_CONVERSION = YES;
				CLANG_WARN_INFINITE_RECURSION = YES;
				CLANG_WARN_INT_CONVERSION = YES;
				CLANG_WARN_NON_LITERAL_NULL_CONVERSION = YES;
				CLANG_WARN_OBJC_IMPLICIT_RETAIN_SELF = YES;
				CLANG_WARN_OBJC_LITERAL_CONVERSION = YES;
				CLANG_WARN_OBJC_ROOT_CLASS = YES_ERROR;
				CLANG_WARN_RANGE_LOOP_ANALYSIS = YES;
				CLANG_WARN_STRICT_PROTOTYPES = YES;
				CLANG_WARN_SUSPICIOUS_MOVE = YES;
				CLANG_WARN_UNGUARDED_AVAILABILITY = YES_AGGRESSIVE;
				CLANG_WARN_UNREACHABLE_CODE = YES;
				CLANG_WARN__DUPLICATE_METHOD_MATCH = YES;
				CODE_SIGN_IDENTITY = "iPhone Developer";
				COPY_PHASE_STRIP = NO;
				DEBUG_INFORMATION_FORMAT = "dwarf-with-dsym";
				ENABLE_NS_ASSERTIONS = NO;
				ENABLE_STRICT_OBJC_MSGSEND = YES;
				GCC_C_LANGUAGE_STANDARD = gnu11;
				GCC_NO_COMMON_BLOCKS = YES;
				GCC_WARN_64_TO_32_BIT_CONVERSION = YES;
				GCC_WARN_ABOUT_RETURN_TYPE = YES_ERROR;
				GCC_WARN_UNDECLARED_SELECTOR = YES;
				GCC_WARN_UNINITIALIZED_AUTOS = YES_AGGRESSIVE;
				GCC_WARN_UNUSED_FUNCTION = YES;
				GCC_WARN_UNUSED_VARIABLE = YES;
				IPHONEOS_DEPLOYMENT_TARGET = 12.1;
				MTL_ENABLE_DEBUG_INFO = NO;
				MTL_FAST_MATH = YES;
				SDKROOT = iphoneos;
				SWIFT_COMPILATION_MODE = wholemodule;
				SWIFT_OPTIMIZATION_LEVEL = "-O";
				VALIDATE_PRODUCT = YES;
			};
			name = Release;
		};
		BE64AB122213211D00651F90 /* Debug */ = {
			isa = XCBuildConfiguration;
			baseConfigurationReference = 9B9C97F456209A28A4C486D5 /* Pods-TeamPulse.debug.xcconfig */;
			buildSettings = {
				ASSETCATALOG_COMPILER_APPICON_NAME = AppIcon;
				CODE_SIGN_ENTITLEMENTS = TeamPulse/TeamPulse.entitlements;
				CODE_SIGN_STYLE = Automatic;
				DEVELOPMENT_TEAM = 92VW9KVNP2;
				INFOPLIST_FILE = TeamPulse/Info.plist;
				LD_RUNPATH_SEARCH_PATHS = (
					"$(inherited)",
					"@executable_path/Frameworks",
				);
				PRODUCT_BUNDLE_IDENTIFIER = com.williamwelbes.TeamPulse;
				PRODUCT_NAME = "$(TARGET_NAME)";
				SWIFT_VERSION = 4.2;
				TARGETED_DEVICE_FAMILY = "1,2";
			};
			name = Debug;
		};
		BE64AB132213211D00651F90 /* Release */ = {
			isa = XCBuildConfiguration;
			baseConfigurationReference = BE5235E10CFAE14C8F7487BC /* Pods-TeamPulse.release.xcconfig */;
			buildSettings = {
				ASSETCATALOG_COMPILER_APPICON_NAME = AppIcon;
				CODE_SIGN_ENTITLEMENTS = TeamPulse/TeamPulse.entitlements;
				CODE_SIGN_STYLE = Automatic;
				DEVELOPMENT_TEAM = 92VW9KVNP2;
				INFOPLIST_FILE = TeamPulse/Info.plist;
				LD_RUNPATH_SEARCH_PATHS = (
					"$(inherited)",
					"@executable_path/Frameworks",
				);
				PRODUCT_BUNDLE_IDENTIFIER = com.williamwelbes.TeamPulse;
				PRODUCT_NAME = "$(TARGET_NAME)";
				SWIFT_VERSION = 4.2;
				TARGETED_DEVICE_FAMILY = "1,2";
			};
			name = Release;
		};
		BE64AB3E2213597600651F90 /* Debug */ = {
			isa = XCBuildConfiguration;
			buildSettings = {
				ASSETCATALOG_COMPILER_COMPLICATION_NAME = Complication;
				CODE_SIGN_ENTITLEMENTS = "Watch Extension/Watch Extension.entitlements";
				CODE_SIGN_STYLE = Automatic;
				DEVELOPMENT_TEAM = 92VW9KVNP2;
				INFOPLIST_FILE = "Watch Extension/Info.plist";
				LD_RUNPATH_SEARCH_PATHS = (
					"$(inherited)",
					"@executable_path/Frameworks",
					"@executable_path/../../Frameworks",
				);
				PRODUCT_BUNDLE_IDENTIFIER = com.williamwelbes.TeamPulse.watchkitapp.watchkitextension;
				PRODUCT_NAME = "${TARGET_NAME}";
				SDKROOT = watchos;
				SKIP_INSTALL = YES;
				SWIFT_VERSION = 4.2;
				TARGETED_DEVICE_FAMILY = 4;
				WATCHOS_DEPLOYMENT_TARGET = 5.1;
			};
			name = Debug;
		};
		BE64AB3F2213597600651F90 /* Release */ = {
			isa = XCBuildConfiguration;
			buildSettings = {
				ASSETCATALOG_COMPILER_COMPLICATION_NAME = Complication;
				CODE_SIGN_ENTITLEMENTS = "Watch Extension/Watch Extension.entitlements";
				CODE_SIGN_STYLE = Automatic;
				DEVELOPMENT_TEAM = 92VW9KVNP2;
				INFOPLIST_FILE = "Watch Extension/Info.plist";
				LD_RUNPATH_SEARCH_PATHS = (
					"$(inherited)",
					"@executable_path/Frameworks",
					"@executable_path/../../Frameworks",
				);
				PRODUCT_BUNDLE_IDENTIFIER = com.williamwelbes.TeamPulse.watchkitapp.watchkitextension;
				PRODUCT_NAME = "${TARGET_NAME}";
				SDKROOT = watchos;
				SKIP_INSTALL = YES;
				SWIFT_VERSION = 4.2;
				TARGETED_DEVICE_FAMILY = 4;
				WATCHOS_DEPLOYMENT_TARGET = 5.1;
			};
			name = Release;
		};
		BE64AB422213597600651F90 /* Debug */ = {
			isa = XCBuildConfiguration;
			buildSettings = {
				ALWAYS_EMBED_SWIFT_STANDARD_LIBRARIES = YES;
				ASSETCATALOG_COMPILER_APPICON_NAME = AppIcon;
				CODE_SIGN_STYLE = Automatic;
				DEVELOPMENT_TEAM = 92VW9KVNP2;
				IBSC_MODULE = Watch_Extension;
				INFOPLIST_FILE = Watch/Info.plist;
				PRODUCT_BUNDLE_IDENTIFIER = com.williamwelbes.TeamPulse.watchkitapp;
				PRODUCT_NAME = "$(TARGET_NAME)";
				SDKROOT = watchos;
				SKIP_INSTALL = YES;
				SWIFT_VERSION = 4.2;
				TARGETED_DEVICE_FAMILY = 4;
				WATCHOS_DEPLOYMENT_TARGET = 5.1;
			};
			name = Debug;
		};
		BE64AB432213597600651F90 /* Release */ = {
			isa = XCBuildConfiguration;
			buildSettings = {
				ALWAYS_EMBED_SWIFT_STANDARD_LIBRARIES = YES;
				ASSETCATALOG_COMPILER_APPICON_NAME = AppIcon;
				CODE_SIGN_STYLE = Automatic;
				DEVELOPMENT_TEAM = 92VW9KVNP2;
				IBSC_MODULE = Watch_Extension;
				INFOPLIST_FILE = Watch/Info.plist;
				PRODUCT_BUNDLE_IDENTIFIER = com.williamwelbes.TeamPulse.watchkitapp;
				PRODUCT_NAME = "$(TARGET_NAME)";
				SDKROOT = watchos;
				SKIP_INSTALL = YES;
				SWIFT_VERSION = 4.2;
				TARGETED_DEVICE_FAMILY = 4;
				WATCHOS_DEPLOYMENT_TARGET = 5.1;
			};
			name = Release;
		};
/* End XCBuildConfiguration section */

/* Begin XCConfigurationList section */
		BE64AAFA2213211D00651F90 /* Build configuration list for PBXProject "TeamPulse" */ = {
			isa = XCConfigurationList;
			buildConfigurations = (
				BE64AB0F2213211D00651F90 /* Debug */,
				BE64AB102213211D00651F90 /* Release */,
			);
			defaultConfigurationIsVisible = 0;
			defaultConfigurationName = Release;
		};
		BE64AB112213211D00651F90 /* Build configuration list for PBXNativeTarget "TeamPulse" */ = {
			isa = XCConfigurationList;
			buildConfigurations = (
				BE64AB122213211D00651F90 /* Debug */,
				BE64AB132213211D00651F90 /* Release */,
			);
			defaultConfigurationIsVisible = 0;
			defaultConfigurationName = Release;
		};
		BE64AB3D2213597600651F90 /* Build configuration list for PBXNativeTarget "Watch Extension" */ = {
			isa = XCConfigurationList;
			buildConfigurations = (
				BE64AB3E2213597600651F90 /* Debug */,
				BE64AB3F2213597600651F90 /* Release */,
			);
			defaultConfigurationIsVisible = 0;
			defaultConfigurationName = Release;
		};
		BE64AB412213597600651F90 /* Build configuration list for PBXNativeTarget "Watch" */ = {
			isa = XCConfigurationList;
			buildConfigurations = (
				BE64AB422213597600651F90 /* Debug */,
				BE64AB432213597600651F90 /* Release */,
			);
			defaultConfigurationIsVisible = 0;
			defaultConfigurationName = Release;
		};
/* End XCConfigurationList section */
	};
	rootObject = BE64AAF72213211D00651F90 /* Project object */;
}
